// !$*UTF8*$!
{
	archiveVersion = 1;
	classes = {
	};
	objectVersion = 56;
	objects = {

/* Begin PBXBuildFile section */
		BE6E018B2B3546DB0008AC0D /* FormsTutorialApp.swift in Sources */ = {isa = PBXBuildFile; fileRef = BE6E018A2B3546DB0008AC0D /* FormsTutorialApp.swift */; };
		BE6E018F2B3546DC0008AC0D /* Assets.xcassets in Resources */ = {isa = PBXBuildFile; fileRef = BE6E018E2B3546DC0008AC0D /* Assets.xcassets */; };
		BE6E01922B3546DC0008AC0D /* Preview Assets.xcassets in Resources */ = {isa = PBXBuildFile; fileRef = BE6E01912B3546DC0008AC0D /* Preview Assets.xcassets */; };
		BE6E019B2B369EEA0008AC0D /* CreateContactView.swift in Sources */ = {isa = PBXBuildFile; fileRef = BE6E019A2B369EEA0008AC0D /* CreateContactView.swift */; };
		BE6E019D2B36A30A0008AC0D /* NewContact.swift in Sources */ = {isa = PBXBuildFile; fileRef = BE6E019C2B36A30A0008AC0D /* NewContact.swift */; };
		BE6E01A02B36A5CB0008AC0D /* CreateContactViewModel.swift in Sources */ = {isa = PBXBuildFile; fileRef = BE6E019F2B36A5CB0008AC0D /* CreateContactViewModel.swift */; };
		BE6E01A32B36AAC40008AC0D /* ContentView.swift in Sources */ = {isa = PBXBuildFile; fileRef = BE6E01A22B36AAC40008AC0D /* ContentView.swift */; };
		BE6E01A52B36ACC40008AC0D /* ContactInfoView.swift in Sources */ = {isa = PBXBuildFile; fileRef = BE6E01A42B36ACC40008AC0D /* ContactInfoView.swift */; };
		BE6E01A72B36B4FE0008AC0D /* ContactsViewModel.swift in Sources */ = {isa = PBXBuildFile; fileRef = BE6E01A62B36B4FE0008AC0D /* ContactsViewModel.swift */; };
		BEE44FDF2B36DED400F177FF /* View+Extension.swift in Sources */ = {isa = PBXBuildFile; fileRef = BEE44FDE2B36DED400F177FF /* View+Extension.swift */; };
/* End PBXBuildFile section */

/* Begin PBXFileReference section */
		BE6E01872B3546DB0008AC0D /* FormsTutorial.app */ = {isa = PBXFileReference; explicitFileType = wrapper.application; includeInIndex = 0; path = FormsTutorial.app; sourceTree = BUILT_PRODUCTS_DIR; };
		BE6E018A2B3546DB0008AC0D /* FormsTutorialApp.swift */ = {isa = PBXFileReference; lastKnownFileType = sourcecode.swift; path = FormsTutorialApp.swift; sourceTree = "<group>"; };
		BE6E018E2B3546DC0008AC0D /* Assets.xcassets */ = {isa = PBXFileReference; lastKnownFileType = folder.assetcatalog; path = Assets.xcassets; sourceTree = "<group>"; };
		BE6E01912B3546DC0008AC0D /* Preview Assets.xcassets */ = {isa = PBXFileReference; lastKnownFileType = folder.assetcatalog; path = "Preview Assets.xcassets"; sourceTree = "<group>"; };
		BE6E019A2B369EEA0008AC0D /* CreateContactView.swift */ = {isa = PBXFileReference; lastKnownFileType = sourcecode.swift; path = CreateContactView.swift; sourceTree = "<group>"; };
		BE6E019C2B36A30A0008AC0D /* NewContact.swift */ = {isa = PBXFileReference; lastKnownFileType = sourcecode.swift; path = NewContact.swift; sourceTree = "<group>"; };
		BE6E019F2B36A5CB0008AC0D /* CreateContactViewModel.swift */ = {isa = PBXFileReference; lastKnownFileType = sourcecode.swift; path = CreateContactViewModel.swift; sourceTree = "<group>"; };
		BE6E01A22B36AAC40008AC0D /* ContentView.swift */ = {isa = PBXFileReference; lastKnownFileType = sourcecode.swift; path = ContentView.swift; sourceTree = "<group>"; };
		BE6E01A42B36ACC40008AC0D /* ContactInfoView.swift */ = {isa = PBXFileReference; lastKnownFileType = sourcecode.swift; path = ContactInfoView.swift; sourceTree = "<group>"; };
		BE6E01A62B36B4FE0008AC0D /* ContactsViewModel.swift */ = {isa = PBXFileReference; lastKnownFileType = sourcecode.swift; path = ContactsViewModel.swift; sourceTree = "<group>"; };
		BEE44FDE2B36DED400F177FF /* View+Extension.swift */ = {isa = PBXFileReference; lastKnownFileType = sourcecode.swift; path = "View+Extension.swift"; sourceTree = "<group>"; };
/* End PBXFileReference section */

/* Begin PBXFrameworksBuildPhase section */
		BE6E01842B3546DB0008AC0D /* Frameworks */ = {
			isa = PBXFrameworksBuildPhase;
			buildActionMask = 2147483647;
			files = (
			);
			runOnlyForDeploymentPostprocessing = 0;
		};
/* End PBXFrameworksBuildPhase section */

/* Begin PBXGroup section */
		BE6E017E2B3546DB0008AC0D = {
			isa = PBXGroup;
			children = (
				BE6E01892B3546DB0008AC0D /* FormsTutorial */,
				BE6E01882B3546DB0008AC0D /* Products */,
			);
			sourceTree = "<group>";
		};
		BE6E01882B3546DB0008AC0D /* Products */ = {
			isa = PBXGroup;
			children = (
				BE6E01872B3546DB0008AC0D /* FormsTutorial.app */,
			);
			name = Products;
			sourceTree = "<group>";
		};
		BE6E01892B3546DB0008AC0D /* FormsTutorial */ = {
			isa = PBXGroup;
			children = (
				BEE44FDC2B36DEC400F177FF /* Utils */,
				BE6E01982B3546F30008AC0D /* App */,
				BE6E01A12B36AAB00008AC0D /* Models */,
				BE6E01992B3546FF0008AC0D /* Views */,
				BE6E019E2B36A5B70008AC0D /* ViewModels */,
				BE6E01902B3546DC0008AC0D /* Preview Content */,
			);
			path = FormsTutorial;
			sourceTree = "<group>";
		};
		BE6E01902B3546DC0008AC0D /* Preview Content */ = {
			isa = PBXGroup;
			children = (
				BE6E01912B3546DC0008AC0D /* Preview Assets.xcassets */,
			);
			path = "Preview Content";
			sourceTree = "<group>";
		};
		BE6E01982B3546F30008AC0D /* App */ = {
			isa = PBXGroup;
			children = (
				BE6E018A2B3546DB0008AC0D /* FormsTutorialApp.swift */,
				BE6E018E2B3546DC0008AC0D /* Assets.xcassets */,
			);
			path = App;
			sourceTree = "<group>";
		};
		BE6E01992B3546FF0008AC0D /* Views */ = {
			isa = PBXGroup;
			children = (
				BE6E01A22B36AAC40008AC0D /* ContentView.swift */,
				BE6E019A2B369EEA0008AC0D /* CreateContactView.swift */,
				BE6E01A42B36ACC40008AC0D /* ContactInfoView.swift */,
			);
			path = Views;
			sourceTree = "<group>";
		};
		BE6E019E2B36A5B70008AC0D /* ViewModels */ = {
			isa = PBXGroup;
			children = (
				BE6E019F2B36A5CB0008AC0D /* CreateContactViewModel.swift */,
				BE6E01A62B36B4FE0008AC0D /* ContactsViewModel.swift */,
			);
			path = ViewModels;
			sourceTree = "<group>";
		};
		BE6E01A12B36AAB00008AC0D /* Models */ = {
			isa = PBXGroup;
			children = (
				BE6E019C2B36A30A0008AC0D /* NewContact.swift */,
			);
			path = Models;
			sourceTree = "<group>";
		};
		BEE44FDC2B36DEC400F177FF /* Utils */ = {
			isa = PBXGroup;
			children = (
				BEE44FDD2B36DECC00F177FF /* Extension */,
			);
			path = Utils;
			sourceTree = "<group>";
		};
		BEE44FDD2B36DECC00F177FF /* Extension */ = {
			isa = PBXGroup;
			children = (
				BEE44FDE2B36DED400F177FF /* View+Extension.swift */,
			);
			path = Extension;
			sourceTree = "<group>";
		};
/* End PBXGroup section */

/* Begin PBXNativeTarget section */
		BE6E01862B3546DB0008AC0D /* FormsTutorial */ = {
			isa = PBXNativeTarget;
			buildConfigurationList = BE6E01952B3546DC0008AC0D /* Build configuration list for PBXNativeTarget "FormsTutorial" */;
			buildPhases = (
				BE6E01832B3546DB0008AC0D /* Sources */,
				BE6E01842B3546DB0008AC0D /* Frameworks */,
				BE6E01852B3546DB0008AC0D /* Resources */,
			);
			buildRules = (
			);
			dependencies = (
			);
			name = FormsTutorial;
			productName = FormsTutorial;
			productReference = BE6E01872B3546DB0008AC0D /* FormsTutorial.app */;
			productType = "com.apple.product-type.application";
		};
/* End PBXNativeTarget section */

/* Begin PBXProject section */
		BE6E017F2B3546DB0008AC0D /* Project object */ = {
			isa = PBXProject;
			attributes = {
				BuildIndependentTargetsInParallel = 1;
				LastSwiftUpdateCheck = 1510;
				LastUpgradeCheck = 1510;
				TargetAttributes = {
					BE6E01862B3546DB0008AC0D = {
						CreatedOnToolsVersion = 15.1;
					};
				};
			};
			buildConfigurationList = BE6E01822B3546DB0008AC0D /* Build configuration list for PBXProject "FormsTutorial" */;
			compatibilityVersion = "Xcode 14.0";
			developmentRegion = en;
			hasScannedForEncodings = 0;
			knownRegions = (
				en,
				Base,
			);
			mainGroup = BE6E017E2B3546DB0008AC0D;
			productRefGroup = BE6E01882B3546DB0008AC0D /* Products */;
			projectDirPath = "";
			projectRoot = "";
			targets = (
				BE6E01862B3546DB0008AC0D /* FormsTutorial */,
			);
		};
/* End PBXProject section */

/* Begin PBXResourcesBuildPhase section */
		BE6E01852B3546DB0008AC0D /* Resources */ = {
			isa = PBXResourcesBuildPhase;
			buildActionMask = 2147483647;
			files = (
				BE6E01922B3546DC0008AC0D /* Preview Assets.xcassets in Resources */,
				BE6E018F2B3546DC0008AC0D /* Assets.xcassets in Resources */,
			);
			runOnlyForDeploymentPostprocessing = 0;
		};
/* End PBXResourcesBuildPhase section */

/* Begin PBXSourcesBuildPhase section */
		BE6E01832B3546DB0008AC0D /* Sources */ = {
			isa = PBXSourcesBuildPhase;
			buildActionMask = 2147483647;
			files = (
				BE6E01A02B36A5CB0008AC0D /* CreateContactViewModel.swift in Sources */,
				BE6E01A52B36ACC40008AC0D /* ContactInfoView.swift in Sources */,
				BE6E01A32B36AAC40008AC0D /* ContentView.swift in Sources */,
				BE6E019B2B369EEA0008AC0D /* CreateContactView.swift in Sources */,
				BE6E01A72B36B4FE0008AC0D /* ContactsViewModel.swift in Sources */,
				BE6E019D2B36A30A0008AC0D /* NewContact.swift in Sources */,
				BEE44FDF2B36DED400F177FF /* View+Extension.swift in Sources */,
				BE6E018B2B3546DB0008AC0D /* FormsTutorialApp.swift in Sources */,
			);
			runOnlyForDeploymentPostprocessing = 0;
		};
/* End PBXSourcesBuildPhase section */

/* Begin XCBuildConfiguration section */
		BE6E01932B3546DC0008AC0D /* Debug */ = {
			isa = XCBuildConfiguration;
			buildSettings = {
				ALWAYS_SEARCH_USER_PATHS = NO;
				ASSETCATALOG_COMPILER_GENERATE_SWIFT_ASSET_SYMBOL_EXTENSIONS = YES;
				CLANG_ANALYZER_NONNULL = YES;
				CLANG_ANALYZER_NUMBER_OBJECT_CONVERSION = YES_AGGRESSIVE;
				CLANG_CXX_LANGUAGE_STANDARD = "gnu++20";
				CLANG_ENABLE_MODULES = YES;
				CLANG_ENABLE_OBJC_ARC = YES;
				CLANG_ENABLE_OBJC_WEAK = YES;
				CLANG_WARN_BLOCK_CAPTURE_AUTORELEASING = YES;
				CLANG_WARN_BOOL_CONVERSION = YES;
				CLANG_WARN_COMMA = YES;
				CLANG_WARN_CONSTANT_CONVERSION = YES;
				CLANG_WARN_DEPRECATED_OBJC_IMPLEMENTATIONS = YES;
				CLANG_WARN_DIRECT_OBJC_ISA_USAGE = YES_ERROR;
				CLANG_WARN_DOCUMENTATION_COMMENTS = YES;
				CLANG_WARN_EMPTY_BODY = YES;
				CLANG_WARN_ENUM_CONVERSION = YES;
				CLANG_WARN_INFINITE_RECURSION = YES;
				CLANG_WARN_INT_CONVERSION = YES;
				CLANG_WARN_NON_LITERAL_NULL_CONVERSION = YES;
				CLANG_WARN_OBJC_IMPLICIT_RETAIN_SELF = YES;
				CLANG_WARN_OBJC_LITERAL_CONVERSION = YES;
				CLANG_WARN_OBJC_ROOT_CLASS = YES_ERROR;
				CLANG_WARN_QUOTED_INCLUDE_IN_FRAMEWORK_HEADER = YES;
				CLANG_WARN_RANGE_LOOP_ANALYSIS = YES;
				CLANG_WARN_STRICT_PROTOTYPES = YES;
				CLANG_WARN_SUSPICIOUS_MOVE = YES;
				CLANG_WARN_UNGUARDED_AVAILABILITY = YES_AGGRESSIVE;
				CLANG_WARN_UNREACHABLE_CODE = YES;
				CLANG_WARN__DUPLICATE_METHOD_MATCH = YES;
				COPY_PHASE_STRIP = NO;
				DEBUG_INFORMATION_FORMAT = dwarf;
				ENABLE_STRICT_OBJC_MSGSEND = YES;
				ENABLE_TESTABILITY = YES;
				ENABLE_USER_SCRIPT_SANDBOXING = YES;
				GCC_C_LANGUAGE_STANDARD = gnu17;
				GCC_DYNAMIC_NO_PIC = NO;
				GCC_NO_COMMON_BLOCKS = YES;
				GCC_OPTIMIZATION_LEVEL = 0;
				GCC_PREPROCESSOR_DEFINITIONS = (
					"DEBUG=1",
					"$(inherited)",
				);
				GCC_WARN_64_TO_32_BIT_CONVERSION = YES;
				GCC_WARN_ABOUT_RETURN_TYPE = YES_ERROR;
				GCC_WARN_UNDECLARED_SELECTOR = YES;
				GCC_WARN_UNINITIALIZED_AUTOS = YES_AGGRESSIVE;
				GCC_WARN_UNUSED_FUNCTION = YES;
				GCC_WARN_UNUSED_VARIABLE = YES;
				IPHONEOS_DEPLOYMENT_TARGET = 17.2;
				LOCALIZATION_PREFERS_STRING_CATALOGS = YES;
				MTL_ENABLE_DEBUG_INFO = INCLUDE_SOURCE;
				MTL_FAST_MATH = YES;
				ONLY_ACTIVE_ARCH = YES;
				SDKROOT = iphoneos;
				SWIFT_ACTIVE_COMPILATION_CONDITIONS = "DEBUG $(inherited)";
				SWIFT_OPTIMIZATION_LEVEL = "-Onone";
			};
			name = Debug;
		};
		BE6E01942B3546DC0008AC0D /* Release */ = {
			isa = XCBuildConfiguration;
			buildSettings = {
				ALWAYS_SEARCH_USER_PATHS = NO;
				ASSETCATALOG_COMPILER_GENERATE_SWIFT_ASSET_SYMBOL_EXTENSIONS = YES;
				CLANG_ANALYZER_NONNULL = YES;
				CLANG_ANALYZER_NUMBER_OBJECT_CONVERSION = YES_AGGRESSIVE;
				CLANG_CXX_LANGUAGE_STANDARD = "gnu++20";
				CLANG_ENABLE_MODULES = YES;
				CLANG_ENABLE_OBJC_ARC = YES;
				CLANG_ENABLE_OBJC_WEAK = YES;
				CLANG_WARN_BLOCK_CAPTURE_AUTORELEASING = YES;
				CLANG_WARN_BOOL_CONVERSION = YES;
				CLANG_WARN_COMMA = YES;
				CLANG_WARN_CONSTANT_CONVERSION = YES;
				CLANG_WARN_DEPRECATED_OBJC_IMPLEMENTATIONS = YES;
				CLANG_WARN_DIRECT_OBJC_ISA_USAGE = YES_ERROR;
				CLANG_WARN_DOCUMENTATION_COMMENTS = YES;
				CLANG_WARN_EMPTY_BODY = YES;
				CLANG_WARN_ENUM_CONVERSION = YES;
				CLANG_WARN_INFINITE_RECURSION = YES;
				CLANG_WARN_INT_CONVERSION = YES;
				CLANG_WARN_NON_LITERAL_NULL_CONVERSION = YES;
				CLANG_WARN_OBJC_IMPLICIT_RETAIN_SELF = YES;
				CLANG_WARN_OBJC_LITERAL_CONVERSION = YES;
				CLANG_WARN_OBJC_ROOT_CLASS = YES_ERROR;
				CLANG_WARN_QUOTED_INCLUDE_IN_FRAMEWORK_HEADER = YES;
				CLANG_WARN_RANGE_LOOP_ANALYSIS = YES;
				CLANG_WARN_STRICT_PROTOTYPES = YES;
				CLANG_WARN_SUSPICIOUS_MOVE = YES;
				CLANG_WARN_UNGUARDED_AVAILABILITY = YES_AGGRESSIVE;
				CLANG_WARN_UNREACHABLE_CODE = YES;
				CLANG_WARN__DUPLICATE_METHOD_MATCH = YES;
				COPY_PHASE_STRIP = NO;
				DEBUG_INFORMATION_FORMAT = "dwarf-with-dsym";
				ENABLE_NS_ASSERTIONS = NO;
				ENABLE_STRICT_OBJC_MSGSEND = YES;
				ENABLE_USER_SCRIPT_SANDBOXING = YES;
				GCC_C_LANGUAGE_STANDARD = gnu17;
				GCC_NO_COMMON_BLOCKS = YES;
				GCC_WARN_64_TO_32_BIT_CONVERSION = YES;
				GCC_WARN_ABOUT_RETURN_TYPE = YES_ERROR;
				GCC_WARN_UNDECLARED_SELECTOR = YES;
				GCC_WARN_UNINITIALIZED_AUTOS = YES_AGGRESSIVE;
				GCC_WARN_UNUSED_FUNCTION = YES;
				GCC_WARN_UNUSED_VARIABLE = YES;
				IPHONEOS_DEPLOYMENT_TARGET = 17.2;
				LOCALIZATION_PREFERS_STRING_CATALOGS = YES;
				MTL_ENABLE_DEBUG_INFO = NO;
				MTL_FAST_MATH = YES;
				SDKROOT = iphoneos;
				SWIFT_COMPILATION_MODE = wholemodule;
				VALIDATE_PRODUCT = YES;
			};
			name = Release;
		};
		BE6E01962B3546DC0008AC0D /* Debug */ = {
			isa = XCBuildConfiguration;
			buildSettings = {
				ASSETCATALOG_COMPILER_APPICON_NAME = AppIcon;
				ASSETCATALOG_COMPILER_GLOBAL_ACCENT_COLOR_NAME = AccentColor;
				CODE_SIGN_STYLE = Automatic;
				CURRENT_PROJECT_VERSION = 1;
				DEVELOPMENT_ASSET_PATHS = "\"FormsTutorial/Preview Content\"";
				DEVELOPMENT_TEAM = 46PR5V47LD;
				ENABLE_PREVIEWS = YES;
				GENERATE_INFOPLIST_FILE = YES;
				INFOPLIST_KEY_UIApplicationSceneManifest_Generation = YES;
				INFOPLIST_KEY_UIApplicationSupportsIndirectInputEvents = YES;
				INFOPLIST_KEY_UILaunchScreen_Generation = YES;
				INFOPLIST_KEY_UISupportedInterfaceOrientations_iPad = "UIInterfaceOrientationPortrait UIInterfaceOrientationPortraitUpsideDown UIInterfaceOrientationLandscapeLeft UIInterfaceOrientationLandscapeRight";
				INFOPLIST_KEY_UISupportedInterfaceOrientations_iPhone = "UIInterfaceOrientationPortrait UIInterfaceOrientationLandscapeLeft UIInterfaceOrientationLandscapeRight";
				LD_RUNPATH_SEARCH_PATHS = (
					"$(inherited)",
					"@executable_path/Frameworks",
				);
				MARKETING_VERSION = 1.0;
				PRODUCT_BUNDLE_IDENTIFIER = com.yunusberdibekk.FormsTutorial;
				PRODUCT_NAME = "$(TARGET_NAME)";
				SWIFT_EMIT_LOC_STRINGS = YES;
				SWIFT_VERSION = 5.0;
				TARGETED_DEVICE_FAMILY = "1,2";
			};
			name = Debug;
		};
		BE6E01972B3546DC0008AC0D /* Release */ = {
			isa = XCBuildConfiguration;
			buildSettings = {
				ASSETCATALOG_COMPILER_APPICON_NAME = AppIcon;
				ASSETCATALOG_COMPILER_GLOBAL_ACCENT_COLOR_NAME = AccentColor;
				CODE_SIGN_STYLE = Automatic;
				CURRENT_PROJECT_VERSION = 1;
				DEVELOPMENT_ASSET_PATHS = "\"FormsTutorial/Preview Content\"";
				DEVELOPMENT_TEAM = 46PR5V47LD;
				ENABLE_PREVIEWS = YES;
				GENERATE_INFOPLIST_FILE = YES;
				INFOPLIST_KEY_UIApplicationSceneManifest_Generation = YES;
				INFOPLIST_KEY_UIApplicationSupportsIndirectInputEvents = YES;
				INFOPLIST_KEY_UILaunchScreen_Generation = YES;
				INFOPLIST_KEY_UISupportedInterfaceOrientations_iPad = "UIInterfaceOrientationPortrait UIInterfaceOrientationPortraitUpsideDown UIInterfaceOrientationLandscapeLeft UIInterfaceOrientationLandscapeRight";
				INFOPLIST_KEY_UISupportedInterfaceOrientations_iPhone = "UIInterfaceOrientationPortrait UIInterfaceOrientationLandscapeLeft UIInterfaceOrientationLandscapeRight";
				LD_RUNPATH_SEARCH_PATHS = (
					"$(inherited)",
					"@executable_path/Frameworks",
				);
				MARKETING_VERSION = 1.0;
				PRODUCT_BUNDLE_IDENTIFIER = com.yunusberdibekk.FormsTutorial;
				PRODUCT_NAME = "$(TARGET_NAME)";
				SWIFT_EMIT_LOC_STRINGS = YES;
				SWIFT_VERSION = 5.0;
				TARGETED_DEVICE_FAMILY = "1,2";
			};
			name = Release;
		};
/* End XCBuildConfiguration section */

/* Begin XCConfigurationList section */
		BE6E01822B3546DB0008AC0D /* Build configuration list for PBXProject "FormsTutorial" */ = {
			isa = XCConfigurationList;
			buildConfigurations = (
				BE6E01932B3546DC0008AC0D /* Debug */,
				BE6E01942B3546DC0008AC0D /* Release */,
			);
			defaultConfigurationIsVisible = 0;
			defaultConfigurationName = Release;
		};
		BE6E01952B3546DC0008AC0D /* Build configuration list for PBXNativeTarget "FormsTutorial" */ = {
			isa = XCConfigurationList;
			buildConfigurations = (
				BE6E01962B3546DC0008AC0D /* Debug */,
				BE6E01972B3546DC0008AC0D /* Release */,
			);
			defaultConfigurationIsVisible = 0;
			defaultConfigurationName = Release;
		};
/* End XCConfigurationList section */
	};
	rootObject = BE6E017F2B3546DB0008AC0D /* Project object */;
}
